
Microsoft Visual Studio Solution File, Format Version 12.00
# Visual Studio Version 16
VisualStudioVersion = 16.0.30503.244
MinimumVisualStudioVersion = 10.0.40219.1
Project("{FAE04EC0-301F-11D3-BF4B-00C04F79EFBC}") = "Test", "Test.csproj", "{57394734-1439-45F2-B65E-2C268D3669BA}"
EndProject
Global
	GlobalSection(SolutionConfigurationPlatforms) = preSolution
		Debug|Any CPU = Debug|Any CPU
		Release|Any CPU = Release|Any CPU
	EndGlobalSection
	GlobalSection(ProjectConfigurationPlatforms) = postSolution
		{57394734-1439-45F2-B65E-2C268D3669BA}.Debug|Any CPU.ActiveCfg = Debug|Any CPU
		{57394734-1439-45F2-B65E-2C268D3669BA}.Debug|Any CPU.Build.0 = Debug|Any CPU
		{57394734-1439-45F2-B65E-2C268D3669BA}.Release|Any CPU.ActiveCfg = Release|Any CPU
		{57394734-1439-45F2-B65E-2C268D3669BA}.Release|Any CPU.Build.0 = Release|Any CPU
	EndGlobalSection
	GlobalSection(SolutionProperties) = preSolution
		HideSolutionNode = FALSE
	EndGlobalSection
	GlobalSection(ExtensibilityGlobals) = postSolution
		SolutionGuid = {ED4BDEB4-E2C0-4B8E-8C8C-F52C9DF750AB}
	EndGlobalSection
EndGlobal
